
Microsoft Visual Studio Solution File, Format Version 12.00
# Visual Studio Version 16
VisualStudioVersion = 16.0.29123.88
MinimumVisualStudioVersion = 10.0.40219.1
Project("{FAE04EC0-301F-11D3-BF4B-00C04F79EFBC}") = "DaysOfWeek", "DaysOfWeek\DaysOfWeek.csproj", "{F5AF3CF6-B01C-470E-8612-E333D6437E68}"
EndProject
Project("{FAE04EC0-301F-11D3-BF4B-00C04F79EFBC}") = "Countries", "Countries\Countries.csproj", "{021ED977-CE74-41AE-B9F9-E0E4BEEFF6CC}"
EndProject
Project("{FAE04EC0-301F-11D3-BF4B-00C04F79EFBC}") = "DaysOfWeekList", "DaysOfWeekList\DaysOfWeekList.csproj", "{88BD7023-24F7-4113-9CD4-4BB4ADBC5096}"
EndProject
Project("{FAE04EC0-301F-11D3-BF4B-00C04F79EFBC}") = "DictionarySnippets", "DictionarySnippets\DictionarySnippets.csproj", "{59CAFB57-53B0-43C5-B372-01750434DE21}"
EndProject
Global
	GlobalSection(SolutionConfigurationPlatforms) = preSolution
		Debug|Any CPU = Debug|Any CPU
		Release|Any CPU = Release|Any CPU
	EndGlobalSection
	GlobalSection(ProjectConfigurationPlatforms) = postSolution
		{F5AF3CF6-B01C-470E-8612-E333D6437E68}.Debug|Any CPU.ActiveCfg = Debug|Any CPU
		{F5AF3CF6-B01C-470E-8612-E333D6437E68}.Debug|Any CPU.Build.0 = Debug|Any CPU
		{F5AF3CF6-B01C-470E-8612-E333D6437E68}.Release|Any CPU.ActiveCfg = Release|Any CPU
		{F5AF3CF6-B01C-470E-8612-E333D6437E68}.Release|Any CPU.Build.0 = Release|Any CPU
		{021ED977-CE74-41AE-B9F9-E0E4BEEFF6CC}.Debug|Any CPU.ActiveCfg = Debug|Any CPU
		{021ED977-CE74-41AE-B9F9-E0E4BEEFF6CC}.Debug|Any CPU.Build.0 = Debug|Any CPU
		{021ED977-CE74-41AE-B9F9-E0E4BEEFF6CC}.Release|Any CPU.ActiveCfg = Release|Any CPU
		{021ED977-CE74-41AE-B9F9-E0E4BEEFF6CC}.Release|Any CPU.Build.0 = Release|Any CPU
		{88BD7023-24F7-4113-9CD4-4BB4ADBC5096}.Debug|Any CPU.ActiveCfg = Debug|Any CPU
		{88BD7023-24F7-4113-9CD4-4BB4ADBC5096}.Debug|Any CPU.Build.0 = Debug|Any CPU
		{88BD7023-24F7-4113-9CD4-4BB4ADBC5096}.Release|Any CPU.ActiveCfg = Release|Any CPU
		{88BD7023-24F7-4113-9CD4-4BB4ADBC5096}.Release|Any CPU.Build.0 = Release|Any CPU
		{59CAFB57-53B0-43C5-B372-01750434DE21}.Debug|Any CPU.ActiveCfg = Debug|Any CPU
		{59CAFB57-53B0-43C5-B372-01750434DE21}.Debug|Any CPU.Build.0 = Debug|Any CPU
		{59CAFB57-53B0-43C5-B372-01750434DE21}.Release|Any CPU.ActiveCfg = Release|Any CPU
		{59CAFB57-53B0-43C5-B372-01750434DE21}.Release|Any CPU.Build.0 = Release|Any CPU
	EndGlobalSection
	GlobalSection(SolutionProperties) = preSolution
		HideSolutionNode = FALSE
	EndGlobalSection
	GlobalSection(ExtensibilityGlobals) = postSolution
		SolutionGuid = {DC30AE8D-1717-4458-A584-E560DCCCD251}
	EndGlobalSection
EndGlobal
